
Microsoft Visual Studio Solution File, Format Version 12.00
# Visual Studio 15
VisualStudioVersion = 15.0.25914.0
MinimumVisualStudioVersion = 10.0.40219.1
Project("{2150E333-8FDC-42A3-9474-1A3956D46DE8}") = "src", "src", "{EC0AABCB-90B6-46E9-BF9A-5EE817F762D3}"
EndProject
Project("{FAE04EC0-301F-11D3-BF4B-00C04F79EFBC}") = "webapi", "src\webapi\webapi.csproj", "{24C8A859-ABC0-45D6-B87A-9FF4D4CBA644}"
EndProject
Global
	GlobalSection(SolutionConfigurationPlatforms) = preSolution
		Debug|Any CPU = Debug|Any CPU
		Release|Any CPU = Release|Any CPU
	EndGlobalSection
	GlobalSection(ProjectConfigurationPlatforms) = postSolution
		{24C8A859-ABC0-45D6-B87A-9FF4D4CBA644}.Debug|Any CPU.ActiveCfg = Debug|Any CPU
		{24C8A859-ABC0-45D6-B87A-9FF4D4CBA644}.Debug|Any CPU.Build.0 = Debug|Any CPU
		{24C8A859-ABC0-45D6-B87A-9FF4D4CBA644}.Release|Any CPU.ActiveCfg = Release|Any CPU
		{24C8A859-ABC0-45D6-B87A-9FF4D4CBA644}.Release|Any CPU.Build.0 = Release|Any CPU
	EndGlobalSection
	GlobalSection(SolutionProperties) = preSolution
		HideSolutionNode = FALSE
	EndGlobalSection
	GlobalSection(NestedProjects) = preSolution
		{24C8A859-ABC0-45D6-B87A-9FF4D4CBA644} = {EC0AABCB-90B6-46E9-BF9A-5EE817F762D3}
	EndGlobalSection
EndGlobal
